<?xml version="1.0" encoding="utf-8"?>
<Project ToolsVersion="4.0" xmlns="http://schemas.microsoft.com/developer/msbuild/2003">
  <ItemGroup>
    <Filter Include="Source Files">
      <UniqueIdentifier>{4FC737F1-C7A5-4376-A066-2A32D752A2FF}</UniqueIdentifier>
      <Extensions>cpp;c;cc;cxx;c++;cppm;ixx;def;odl;idl;hpj;bat;asm;asmx</Extensions>
    </Filter>
    <Filter Include="Header Files">
      <UniqueIdentifier>{93995380-89BD-4b04-88EB-625FBE52EBFB}</UniqueIdentifier>
      <Extensions>h;hh;hpp;hxx;h++;hm;inl;inc;ipp;xsd</Extensions>
    </Filter>
    <Filter Include="Resource Files">
      <UniqueIdentifier>{67DA6AB6-F800-4c08-8B7A-83BB121AAD01}</UniqueIdentifier>
      <Extensions>rc;ico;cur;bmp;dlg;rc2;rct;bin;rgs;gif;jpg;jpeg;jpe;resx;tiff;tif;png;wav;mfcribbon-ms</Extensions>
    </Filter>
    <Filter Include="Common">
      <UniqueIdentifier>{a2bf9e44-904a-4162-ae47-7f5c22750410}</UniqueIdentifier>
    </Filter>
    <Filter Include="Common\CsvReader">
      <UniqueIdentifier>{829fa026-fac3-4a30-938e-346785231dc1}</UniqueIdentifier>
    </Filter>
    <Filter Include="Common\Profiler">
      <UniqueIdentifier>{87efa616-c9a5-47d2-89e4-206b918dc067}</UniqueIdentifier>
    </Filter>
    <Filter Include="3rdparty">
      <UniqueIdentifier>{3e5f4da6-19c7-454b-b4b3-8e1f8dac6767}</UniqueIdentifier>
    </Filter>
    <Filter Include="3rdparty\THREADSYNC">
      <UniqueIdentifier>{3791c9d2-2dba-424a-8e31-66db090fdb3d}</UniqueIdentifier>
    </Filter>
  </ItemGroup>
  <ItemGroup>
    <ClCompile Include="test.cpp">
      <Filter>Source Files</Filter>
    </ClCompile>
    <ClCompile Include="stdafx.cpp">
      <Filter>Source Files</Filter>
    </ClCompile>
    <ClCompile Include="LogContext.cpp">
      <Filter>Source Files</Filter>
    </ClCompile>
    <ClCompile Include="DebugHelper.cpp">
      <Filter>Source Files</Filter>
    </ClCompile>
    <ClCompile Include="FileLoggerItem.cpp">
      <Filter>Source Files</Filter>
    </ClCompile>
    <ClCompile Include="CsvFileLoggerItem.cpp">
      <Filter>Source Files</Filter>
    </ClCompile>
    <ClCompile Include="LoggerItemBase.cpp">
      <Filter>Source Files</Filter>
    </ClCompile>
    <ClCompile Include="..\src\common\CsvReader\CsvReader.cpp">
      <Filter>Common\CsvReader</Filter>
    </ClCompile>
    <ClCompile Include="..\src\common\Profiler\ProfilerDef.cpp">
      <Filter>Common\Profiler</Filter>
    </ClCompile>
    <ClCompile Include="..\src\common\Profiler\OneInstance.cpp">
      <Filter>Common\Profiler</Filter>
    </ClCompile>
    <ClCompile Include="..\src\3rdparty\THREADSYNC\ReaderWriter.cpp">
      <Filter>3rdparty\THREADSYNC</Filter>
    </ClCompile>
    <ClCompile Include="..\src\3rdparty\THREADSYNC\Event.cpp">
      <Filter>3rdparty\THREADSYNC</Filter>
    </ClCompile>
    <ClCompile Include="..\src\common\Profiler\RemMsg.cpp">
      <Filter>Common\Profiler</Filter>
    </ClCompile>
    <ClCompile Include="..\src\3rdparty\THREADSYNC\CriticalSection.cpp">
      <Filter>3rdparty\THREADSYNC</Filter>
    </ClCompile>
    <ClCompile Include="Executor.cpp">
      <Filter>Source Files</Filter>
    </ClCompile>
  </ItemGroup>
  <ItemGroup>
    <ClInclude Include="resource.h">
      <Filter>Header Files</Filter>
    </ClInclude>
    <ClInclude Include="stdafx.h">
      <Filter>Header Files</Filter>
    </ClInclude>
    <ClInclude Include="InputParser.h">
      <Filter>Header Files</Filter>
    </ClInclude>
    <ClInclude Include="LogContext.h">
      <Filter>Header Files</Filter>
    </ClInclude>
    <ClInclude Include="DebugHelper.h">
      <Filter>Header Files</Filter>
    </ClInclude>
    <ClInclude Include="LoggerItemBase.h">
      <Filter>Header Files</Filter>
    </ClInclude>
    <ClInclude Include="FileLoggerItem.h">
      <Filter>Header Files</Filter>
    </ClInclude>
    <ClInclude Include="CsvFileLoggerItem.h">
      <Filter>Header Files</Filter>
    </ClInclude>
    <ClInclude Include="..\src\common\CsvReader\CsvReader.h">
      <Filter>Common\CsvReader</Filter>
    </ClInclude>
    <ClInclude Include="..\src\common\Profiler\ProfilerDef.h">
      <Filter>Common\Profiler</Filter>
    </ClInclude>
    <ClInclude Include="..\src\common\Profiler\OneInstance.h">
      <Filter>Common\Profiler</Filter>
    </ClInclude>
    <ClInclude Include="..\src\3rdparty\THREADSYNC\ReaderWriter.h">
      <Filter>3rdparty\THREADSYNC</Filter>
    </ClInclude>
    <ClInclude Include="..\src\3rdparty\THREADSYNC\Event.h">
      <Filter>3rdparty\THREADSYNC</Filter>
    </ClInclude>
    <ClInclude Include="..\src\common\Profiler\RemMsg.h">
      <Filter>Common\Profiler</Filter>
    </ClInclude>
    <ClInclude Include="..\src\3rdparty\THREADSYNC\CriticalSection.h">
      <Filter>3rdparty\THREADSYNC</Filter>
    </ClInclude>
    <ClInclude Include="test.h">
      <Filter>Header Files</Filter>
    </ClInclude>
  </ItemGroup>
  <ItemGroup>
    <ResourceCompile Include="test.rc">
      <Filter>Resource Files</Filter>
    </ResourceCompile>
  </ItemGroup>
  <ItemGroup>
    <None Include="README.md" />
  </ItemGroup>
</Project>